
Microsoft Visual Studio Solution File, Format Version 12.00
# Visual Studio Version 17
VisualStudioVersion = 17.5.002.0
MinimumVisualStudioVersion = 10.0.40219.1
Project("{9A19103F-16F7-4668-BE54-9A1E7A4F7556}") = "NetworkMonitorLLM", "NetworkMonitorLLM.csproj", "{A414C7C1-24C4-428F-9FA9-C654B8D854A0}"
EndProject
Global
	GlobalSection(SolutionConfigurationPlatforms) = preSolution
		Debug|Any CPU = Debug|Any CPU
		Release|Any CPU = Release|Any CPU
	EndGlobalSection
	GlobalSection(ProjectConfigurationPlatforms) = postSolution
		{A414C7C1-24C4-428F-9FA9-C654B8D854A0}.Debug|Any CPU.ActiveCfg = Debug|Any CPU
		{A414C7C1-24C4-428F-9FA9-C654B8D854A0}.Debug|Any CPU.Build.0 = Debug|Any CPU
		{A414C7C1-24C4-428F-9FA9-C654B8D854A0}.Release|Any CPU.ActiveCfg = Release|Any CPU
		{A414C7C1-24C4-428F-9FA9-C654B8D854A0}.Release|Any CPU.Build.0 = Release|Any CPU
	EndGlobalSection
	GlobalSection(SolutionProperties) = preSolution
		HideSolutionNode = FALSE
	EndGlobalSection
	GlobalSection(ExtensibilityGlobals) = postSolution
		SolutionGuid = {A732E07E-570C-4622-9F67-A0CA8B07EC2A}
	EndGlobalSection
EndGlobal
